PODS:
  - SwiftLint (0.46.2)
  - UPLogs (1.0)

DEPENDENCIES:
  - SwiftLint
  - UPLogs

SPEC REPOS:
  trunk:
    - SwiftLint
    - UPLogs

SPEC CHECKSUMS:
  SwiftLint: 6bc52a21f0fd44cab9aa2dc8e534fb9f5e3ec507
  UPLogs: b03985f2794adc26dbe85c572dbfafb258c129d5

PODFILE CHECKSUM: e647587869b9472499ab8277ed3ee225713f633b

COCOAPODS: 1.11.2
